
Microsoft Visual Studio Solution File, Format Version 11.00
# Visual C# Express 2010
Project("{FAE04EC0-301F-11D3-BF4B-00C04F79EFBC}") = "ClouDeveloper.Hash", "ClouDeveloper.Hash\ClouDeveloper.Hash.csproj", "{59DE8F3E-C76B-4B0D-91B3-DCE72B2CDBE1}"
EndProject
Global
	GlobalSection(SolutionConfigurationPlatforms) = preSolution
		Debug|Any CPU = Debug|Any CPU
		Release|Any CPU = Release|Any CPU
	EndGlobalSection
	GlobalSection(ProjectConfigurationPlatforms) = postSolution
		{59DE8F3E-C76B-4B0D-91B3-DCE72B2CDBE1}.Debug|Any CPU.ActiveCfg = Debug|Any CPU
		{59DE8F3E-C76B-4B0D-91B3-DCE72B2CDBE1}.Debug|Any CPU.Build.0 = Debug|Any CPU
		{59DE8F3E-C76B-4B0D-91B3-DCE72B2CDBE1}.Release|Any CPU.ActiveCfg = Release|Any CPU
		{59DE8F3E-C76B-4B0D-91B3-DCE72B2CDBE1}.Release|Any CPU.Build.0 = Release|Any CPU
	EndGlobalSection
	GlobalSection(SolutionProperties) = preSolution
		HideSolutionNode = FALSE
	EndGlobalSection
EndGlobal
